
Microsoft Visual Studio Solution File, Format Version 12.00
# Visual Studio Version 17
VisualStudioVersion = 17.1.32407.343
MinimumVisualStudioVersion = 10.0.40219.1
Project("{FAE04EC0-301F-11D3-BF4B-00C04F79EFBC}") = "TicketSalesP", "TicketSalesP\TicketSalesP.csproj", "{2E38BC78-B9F6-4FE8-956E-33F18B425DCF}"
EndProject
Global
	GlobalSection(SolutionConfigurationPlatforms) = preSolution
		Debug|Any CPU = Debug|Any CPU
		Release|Any CPU = Release|Any CPU
	EndGlobalSection
	GlobalSection(ProjectConfigurationPlatforms) = postSolution
		{2E38BC78-B9F6-4FE8-956E-33F18B425DCF}.Debug|Any CPU.ActiveCfg = Debug|Any CPU
		{2E38BC78-B9F6-4FE8-956E-33F18B425DCF}.Debug|Any CPU.Build.0 = Debug|Any CPU
		{2E38BC78-B9F6-4FE8-956E-33F18B425DCF}.Release|Any CPU.ActiveCfg = Release|Any CPU
		{2E38BC78-B9F6-4FE8-956E-33F18B425DCF}.Release|Any CPU.Build.0 = Release|Any CPU
	EndGlobalSection
	GlobalSection(SolutionProperties) = preSolution
		HideSolutionNode = FALSE
	EndGlobalSection
	GlobalSection(ExtensibilityGlobals) = postSolution
		SolutionGuid = {2B6F8DC7-3C51-4197-B463-0A65B88F5BCD}
	EndGlobalSection
EndGlobal
